
Microsoft Visual Studio Solution File, Format Version 12.00
# Visual Studio Version 17
VisualStudioVersion = 17.10.35013.160
MinimumVisualStudioVersion = 10.0.40219.1
Project("{8BC9CEB8-8B4A-11D0-8D11-00A0C91BC942}") = "MT3_4_1", "MT3_4_1.vcxproj", "{47188835-D2FF-4E64-9B72-FAA35B7804F6}"
EndProject
Global
	GlobalSection(SolutionConfigurationPlatforms) = preSolution
		Debug|x64 = Debug|x64
		Release|x64 = Release|x64
	EndGlobalSection
	GlobalSection(ProjectConfigurationPlatforms) = postSolution
		{47188835-D2FF-4E64-9B72-FAA35B7804F6}.Debug|x64.ActiveCfg = Debug|x64
		{47188835-D2FF-4E64-9B72-FAA35B7804F6}.Debug|x64.Build.0 = Debug|x64
		{47188835-D2FF-4E64-9B72-FAA35B7804F6}.Release|x64.ActiveCfg = Release|x64
		{47188835-D2FF-4E64-9B72-FAA35B7804F6}.Release|x64.Build.0 = Release|x64
	EndGlobalSection
	GlobalSection(SolutionProperties) = preSolution
		HideSolutionNode = FALSE
	EndGlobalSection
	GlobalSection(ExtensibilityGlobals) = postSolution
		SolutionGuid = {E89B94FE-5690-4321-8101-7DD5CEF9692C}
	EndGlobalSection
EndGlobal
